
Microsoft Visual Studio Solution File, Format Version 12.00
# Visual Studio Version 16
VisualStudioVersion = 16.0.30804.86
MinimumVisualStudioVersion = 10.0.40219.1
Project("{FAE04EC0-301F-11D3-BF4B-00C04F79EFBC}") = "Lab4_DS", "Lab4_DS.csproj", "{D70BFB48-1950-4FAD-94FD-A735FC84C4C0}"
EndProject
Global
	GlobalSection(SolutionConfigurationPlatforms) = preSolution
		Debug|Any CPU = Debug|Any CPU
		Release|Any CPU = Release|Any CPU
	EndGlobalSection
	GlobalSection(ProjectConfigurationPlatforms) = postSolution
		{D70BFB48-1950-4FAD-94FD-A735FC84C4C0}.Debug|Any CPU.ActiveCfg = Debug|Any CPU
		{D70BFB48-1950-4FAD-94FD-A735FC84C4C0}.Debug|Any CPU.Build.0 = Debug|Any CPU
		{D70BFB48-1950-4FAD-94FD-A735FC84C4C0}.Release|Any CPU.ActiveCfg = Release|Any CPU
		{D70BFB48-1950-4FAD-94FD-A735FC84C4C0}.Release|Any CPU.Build.0 = Release|Any CPU
	EndGlobalSection
	GlobalSection(SolutionProperties) = preSolution
		HideSolutionNode = FALSE
	EndGlobalSection
	GlobalSection(ExtensibilityGlobals) = postSolution
		SolutionGuid = {704DDEC1-EC17-4C79-A97E-BEEE512B7EF5}
	EndGlobalSection
EndGlobal
